// !$*UTF8*$!
{
	archiveVersion = 1;
	classes = {
	};
	objectVersion = 50;
	objects = {

/* Begin PBXBuildFile section */
		18609B6220C923CD008091F9 /* dataWriteViewController.swift in Sources */ = {isa = PBXBuildFile; fileRef = 18609B6120C923CD008091F9 /* dataWriteViewController.swift */; };
		1891A88E20B821C100545026 /* AppDelegate.swift in Sources */ = {isa = PBXBuildFile; fileRef = 1891A88D20B821C100545026 /* AppDelegate.swift */; };
		1891A89020B821C100545026 /* ViewController.swift in Sources */ = {isa = PBXBuildFile; fileRef = 1891A88F20B821C100545026 /* ViewController.swift */; };
		1891A89320B821C100545026 /* Main.storyboard in Resources */ = {isa = PBXBuildFile; fileRef = 1891A89120B821C100545026 /* Main.storyboard */; };
		1891A89520B821C200545026 /* Assets.xcassets in Resources */ = {isa = PBXBuildFile; fileRef = 1891A89420B821C200545026 /* Assets.xcassets */; };
		1891A89820B821C200545026 /* LaunchScreen.storyboard in Resources */ = {isa = PBXBuildFile; fileRef = 1891A89620B821C200545026 /* LaunchScreen.storyboard */; };
		1891A8A320B821C200545026 /* GlassShoesTests.swift in Sources */ = {isa = PBXBuildFile; fileRef = 1891A8A220B821C200545026 /* GlassShoesTests.swift */; };
		1891A8AE20B821C200545026 /* GlassShoesUITests.swift in Sources */ = {isa = PBXBuildFile; fileRef = 1891A8AD20B821C200545026 /* GlassShoesUITests.swift */; };
		189FE8E020C42D8E00C6F3CD /* SearchShoesTableViewController.swift in Sources */ = {isa = PBXBuildFile; fileRef = 189FE8DF20C42D8E00C6F3CD /* SearchShoesTableViewController.swift */; };
		189FE8E220C4397400C6F3CD /* GoogleService-Info.plist in Resources */ = {isa = PBXBuildFile; fileRef = 189FE8E120C4397400C6F3CD /* GoogleService-Info.plist */; };
		2523318D20C538120044A6ED /* selectedViewController.swift in Sources */ = {isa = PBXBuildFile; fileRef = 2523318C20C538120044A6ED /* selectedViewController.swift */; };
		5656282D3D7173B80675467F /* Pods_GlassShoesUITests.framework in Frameworks */ = {isa = PBXBuildFile; fileRef = 068F1D0F15C75F0A1826D8D9 /* Pods_GlassShoesUITests.framework */; };
		7E79A9519AB4E8B4C1C94D75 /* Pods_GlassShoesTests.framework in Frameworks */ = {isa = PBXBuildFile; fileRef = 37249CA639B16C6F67C68EAE /* Pods_GlassShoesTests.framework */; };
		B866BC0220CCB8F40059D8DF /* pageViewController.swift in Sources */ = {isa = PBXBuildFile; fileRef = B866BC0120CCB8F40059D8DF /* pageViewController.swift */; };
		B866BC0420CCD9840059D8DF /* glass_shoes.jpeg in Resources */ = {isa = PBXBuildFile; fileRef = B866BC0320CCD9810059D8DF /* glass_shoes.jpeg */; };
		B866BC0620CCD98C0059D8DF /* glass_shoes2.jpeg in Resources */ = {isa = PBXBuildFile; fileRef = B866BC0520CCD98A0059D8DF /* glass_shoes2.jpeg */; };
		B866BC0820CCD9B60059D8DF /* last.png in Resources */ = {isa = PBXBuildFile; fileRef = B866BC0720CCD9B40059D8DF /* last.png */; };
		B8A31ADA20C57887009CA095 /* introViewController.swift in Sources */ = {isa = PBXBuildFile; fileRef = B8A31AD920C57887009CA095 /* introViewController.swift */; };
		B8BD49E020C3E6C400E12C30 /* 내사이즈ViewController.swift in Sources */ = {isa = PBXBuildFile; fileRef = B8BD49DF20C3E6C400E12C30 /* 내사이즈ViewController.swift */; };
		C85FCE37A36B47FE55306F70 /* Pods_GlassShoes.framework in Frameworks */ = {isa = PBXBuildFile; fileRef = 77F3BDB1823EA7313BDCF97A /* Pods_GlassShoes.framework */; };
/* End PBXBuildFile section */

/* Begin PBXContainerItemProxy section */
		1891A89F20B821C200545026 /* PBXContainerItemProxy */ = {
			isa = PBXContainerItemProxy;
			containerPortal = 1891A88220B821C100545026 /* Project object */;
			proxyType = 1;
			remoteGlobalIDString = 1891A88920B821C100545026;
			remoteInfo = GlassShoes;
		};
		1891A8AA20B821C200545026 /* PBXContainerItemProxy */ = {
			isa = PBXContainerItemProxy;
			containerPortal = 1891A88220B821C100545026 /* Project object */;
			proxyType = 1;
			remoteGlobalIDString = 1891A88920B821C100545026;
			remoteInfo = GlassShoes;
		};
/* End PBXContainerItemProxy section */

/* Begin PBXFileReference section */
		068F1D0F15C75F0A1826D8D9 /* Pods_GlassShoesUITests.framework */ = {isa = PBXFileReference; explicitFileType = wrapper.framework; includeInIndex = 0; path = Pods_GlassShoesUITests.framework; sourceTree = BUILT_PRODUCTS_DIR; };
		18609B6120C923CD008091F9 /* dataWriteViewController.swift */ = {isa = PBXFileReference; lastKnownFileType = sourcecode.swift; path = dataWriteViewController.swift; sourceTree = "<group>"; };
		1891A88A20B821C100545026 /* GlassShoes.app */ = {isa = PBXFileReference; explicitFileType = wrapper.application; includeInIndex = 0; path = GlassShoes.app; sourceTree = BUILT_PRODUCTS_DIR; };
		1891A88D20B821C100545026 /* AppDelegate.swift */ = {isa = PBXFileReference; lastKnownFileType = sourcecode.swift; path = AppDelegate.swift; sourceTree = "<group>"; };
		1891A88F20B821C100545026 /* ViewController.swift */ = {isa = PBXFileReference; lastKnownFileType = sourcecode.swift; path = ViewController.swift; sourceTree = "<group>"; };
		1891A89220B821C100545026 /* Base */ = {isa = PBXFileReference; lastKnownFileType = file.storyboard; name = Base; path = Base.lproj/Main.storyboard; sourceTree = "<group>"; };
		1891A89420B821C200545026 /* Assets.xcassets */ = {isa = PBXFileReference; lastKnownFileType = folder.assetcatalog; path = Assets.xcassets; sourceTree = "<group>"; };
		1891A89720B821C200545026 /* Base */ = {isa = PBXFileReference; lastKnownFileType = file.storyboard; name = Base; path = Base.lproj/LaunchScreen.storyboard; sourceTree = "<group>"; };
		1891A89920B821C200545026 /* Info.plist */ = {isa = PBXFileReference; lastKnownFileType = text.plist.xml; path = Info.plist; sourceTree = "<group>"; };
		1891A89E20B821C200545026 /* GlassShoesTests.xctest */ = {isa = PBXFileReference; explicitFileType = wrapper.cfbundle; includeInIndex = 0; path = GlassShoesTests.xctest; sourceTree = BUILT_PRODUCTS_DIR; };
		1891A8A220B821C200545026 /* GlassShoesTests.swift */ = {isa = PBXFileReference; lastKnownFileType = sourcecode.swift; path = GlassShoesTests.swift; sourceTree = "<group>"; };
		1891A8A420B821C200545026 /* Info.plist */ = {isa = PBXFileReference; lastKnownFileType = text.plist.xml; path = Info.plist; sourceTree = "<group>"; };
		1891A8A920B821C200545026 /* GlassShoesUITests.xctest */ = {isa = PBXFileReference; explicitFileType = wrapper.cfbundle; includeInIndex = 0; path = GlassShoesUITests.xctest; sourceTree = BUILT_PRODUCTS_DIR; };
		1891A8AD20B821C200545026 /* GlassShoesUITests.swift */ = {isa = PBXFileReference; lastKnownFileType = sourcecode.swift; path = GlassShoesUITests.swift; sourceTree = "<group>"; };
		1891A8AF20B821C200545026 /* Info.plist */ = {isa = PBXFileReference; lastKnownFileType = text.plist.xml; path = Info.plist; sourceTree = "<group>"; };
		189FE8DF20C42D8E00C6F3CD /* SearchShoesTableViewController.swift */ = {isa = PBXFileReference; lastKnownFileType = sourcecode.swift; path = SearchShoesTableViewController.swift; sourceTree = "<group>"; };
		189FE8E120C4397400C6F3CD /* GoogleService-Info.plist */ = {isa = PBXFileReference; fileEncoding = 4; lastKnownFileType = text.plist.xml; path = "GoogleService-Info.plist"; sourceTree = "<group>"; };
		2523318C20C538120044A6ED /* selectedViewController.swift */ = {isa = PBXFileReference; lastKnownFileType = sourcecode.swift; path = selectedViewController.swift; sourceTree = "<group>"; };
		275BEA944FE6BDE838291B67 /* Pods-GlassShoesTests.release.xcconfig */ = {isa = PBXFileReference; includeInIndex = 1; lastKnownFileType = text.xcconfig; name = "Pods-GlassShoesTests.release.xcconfig"; path = "Pods/Target Support Files/Pods-GlassShoesTests/Pods-GlassShoesTests.release.xcconfig"; sourceTree = "<group>"; };
		37249CA639B16C6F67C68EAE /* Pods_GlassShoesTests.framework */ = {isa = PBXFileReference; explicitFileType = wrapper.framework; includeInIndex = 0; path = Pods_GlassShoesTests.framework; sourceTree = BUILT_PRODUCTS_DIR; };
		4E5916919AFE83299747C033 /* Pods-GlassShoes.debug.xcconfig */ = {isa = PBXFileReference; includeInIndex = 1; lastKnownFileType = text.xcconfig; name = "Pods-GlassShoes.debug.xcconfig"; path = "Pods/Target Support Files/Pods-GlassShoes/Pods-GlassShoes.debug.xcconfig"; sourceTree = "<group>"; };
		5D33DE7168E633D26582D82A /* Pods-GlassShoesUITests.release.xcconfig */ = {isa = PBXFileReference; includeInIndex = 1; lastKnownFileType = text.xcconfig; name = "Pods-GlassShoesUITests.release.xcconfig"; path = "Pods/Target Support Files/Pods-GlassShoesUITests/Pods-GlassShoesUITests.release.xcconfig"; sourceTree = "<group>"; };
		6D79D99D2BCE020CF7956A12 /* Pods-GlassShoes.release.xcconfig */ = {isa = PBXFileReference; includeInIndex = 1; lastKnownFileType = text.xcconfig; name = "Pods-GlassShoes.release.xcconfig"; path = "Pods/Target Support Files/Pods-GlassShoes/Pods-GlassShoes.release.xcconfig"; sourceTree = "<group>"; };
		77F3BDB1823EA7313BDCF97A /* Pods_GlassShoes.framework */ = {isa = PBXFileReference; explicitFileType = wrapper.framework; includeInIndex = 0; path = Pods_GlassShoes.framework; sourceTree = BUILT_PRODUCTS_DIR; };
		A80AE6F034DE177275AFA8C7 /* Pods-GlassShoesUITests.debug.xcconfig */ = {isa = PBXFileReference; includeInIndex = 1; lastKnownFileType = text.xcconfig; name = "Pods-GlassShoesUITests.debug.xcconfig"; path = "Pods/Target Support Files/Pods-GlassShoesUITests/Pods-GlassShoesUITests.debug.xcconfig"; sourceTree = "<group>"; };
		B866BC0120CCB8F40059D8DF /* pageViewController.swift */ = {isa = PBXFileReference; lastKnownFileType = sourcecode.swift; path = pageViewController.swift; sourceTree = "<group>"; };
		B866BC0320CCD9810059D8DF /* glass_shoes.jpeg */ = {isa = PBXFileReference; lastKnownFileType = image.jpeg; path = glass_shoes.jpeg; sourceTree = "<group>"; };
		B866BC0520CCD98A0059D8DF /* glass_shoes2.jpeg */ = {isa = PBXFileReference; lastKnownFileType = image.jpeg; path = glass_shoes2.jpeg; sourceTree = "<group>"; };
		B866BC0720CCD9B40059D8DF /* last.png */ = {isa = PBXFileReference; lastKnownFileType = image.png; path = last.png; sourceTree = "<group>"; };
		B8A31AD920C57887009CA095 /* introViewController.swift */ = {isa = PBXFileReference; lastKnownFileType = sourcecode.swift; path = introViewController.swift; sourceTree = "<group>"; };
		B8BD49DF20C3E6C400E12C30 /* 내사이즈ViewController.swift */ = {isa = PBXFileReference; lastKnownFileType = sourcecode.swift; path = "내사이즈ViewController.swift"; sourceTree = "<group>"; };
		BFAD366D8DFC013B6E1EEF03 /* Pods-GlassShoesTests.debug.xcconfig */ = {isa = PBXFileReference; includeInIndex = 1; lastKnownFileType = text.xcconfig; name = "Pods-GlassShoesTests.debug.xcconfig"; path = "Pods/Target Support Files/Pods-GlassShoesTests/Pods-GlassShoesTests.debug.xcconfig"; sourceTree = "<group>"; };
/* End PBXFileReference section */

/* Begin PBXFrameworksBuildPhase section */
		1891A88720B821C100545026 /* Frameworks */ = {
			isa = PBXFrameworksBuildPhase;
			buildActionMask = 2147483647;
			files = (
				C85FCE37A36B47FE55306F70 /* Pods_GlassShoes.framework in Frameworks */,
			);
			runOnlyForDeploymentPostprocessing = 0;
		};
		1891A89B20B821C200545026 /* Frameworks */ = {
			isa = PBXFrameworksBuildPhase;
			buildActionMask = 2147483647;
			files = (
				7E79A9519AB4E8B4C1C94D75 /* Pods_GlassShoesTests.framework in Frameworks */,
			);
			runOnlyForDeploymentPostprocessing = 0;
		};
		1891A8A620B821C200545026 /* Frameworks */ = {
			isa = PBXFrameworksBuildPhase;
			buildActionMask = 2147483647;
			files = (
				5656282D3D7173B80675467F /* Pods_GlassShoesUITests.framework in Frameworks */,
			);
			runOnlyForDeploymentPostprocessing = 0;
		};
/* End PBXFrameworksBuildPhase section */

/* Begin PBXGroup section */
		1891A88120B821C100545026 = {
			isa = PBXGroup;
			children = (
				1891A88C20B821C100545026 /* GlassShoes */,
				1891A8A120B821C200545026 /* GlassShoesTests */,
				1891A8AC20B821C200545026 /* GlassShoesUITests */,
				1891A88B20B821C100545026 /* Products */,
				30A1410E1A1FFA09ADC1338F /* Pods */,
				61414B0B6099E0D4CB717C39 /* Frameworks */,
			);
			sourceTree = "<group>";
		};
		1891A88B20B821C100545026 /* Products */ = {
			isa = PBXGroup;
			children = (
				1891A88A20B821C100545026 /* GlassShoes.app */,
				1891A89E20B821C200545026 /* GlassShoesTests.xctest */,
				1891A8A920B821C200545026 /* GlassShoesUITests.xctest */,
			);
			name = Products;
			sourceTree = "<group>";
		};
		1891A88C20B821C100545026 /* GlassShoes */ = {
			isa = PBXGroup;
			children = (
				1891A88D20B821C100545026 /* AppDelegate.swift */,
				B866BC0720CCD9B40059D8DF /* last.png */,
				B866BC0520CCD98A0059D8DF /* glass_shoes2.jpeg */,
				B866BC0320CCD9810059D8DF /* glass_shoes.jpeg */,
				1891A88F20B821C100545026 /* ViewController.swift */,
				B8BD49DF20C3E6C400E12C30 /* 내사이즈ViewController.swift */,
				1891A89120B821C100545026 /* Main.storyboard */,
				B866BC0120CCB8F40059D8DF /* pageViewController.swift */,
				18609B6120C923CD008091F9 /* dataWriteViewController.swift */,
				B8A31AD920C57887009CA095 /* introViewController.swift */,
				2523318C20C538120044A6ED /* selectedViewController.swift */,
				1891A89420B821C200545026 /* Assets.xcassets */,
				1891A89620B821C200545026 /* LaunchScreen.storyboard */,
				189FE8E120C4397400C6F3CD /* GoogleService-Info.plist */,
				1891A89920B821C200545026 /* Info.plist */,
				189FE8DF20C42D8E00C6F3CD /* SearchShoesTableViewController.swift */,
			);
			path = GlassShoes;
			sourceTree = "<group>";
		};
		1891A8A120B821C200545026 /* GlassShoesTests */ = {
			isa = PBXGroup;
			children = (
				1891A8A220B821C200545026 /* GlassShoesTests.swift */,
				1891A8A420B821C200545026 /* Info.plist */,
			);
			path = GlassShoesTests;
			sourceTree = "<group>";
		};
		1891A8AC20B821C200545026 /* GlassShoesUITests */ = {
			isa = PBXGroup;
			children = (
				1891A8AD20B821C200545026 /* GlassShoesUITests.swift */,
				1891A8AF20B821C200545026 /* Info.plist */,
			);
			path = GlassShoesUITests;
			sourceTree = "<group>";
		};
		30A1410E1A1FFA09ADC1338F /* Pods */ = {
			isa = PBXGroup;
			children = (
				4E5916919AFE83299747C033 /* Pods-GlassShoes.debug.xcconfig */,
				6D79D99D2BCE020CF7956A12 /* Pods-GlassShoes.release.xcconfig */,
				BFAD366D8DFC013B6E1EEF03 /* Pods-GlassShoesTests.debug.xcconfig */,
				275BEA944FE6BDE838291B67 /* Pods-GlassShoesTests.release.xcconfig */,
				A80AE6F034DE177275AFA8C7 /* Pods-GlassShoesUITests.debug.xcconfig */,
				5D33DE7168E633D26582D82A /* Pods-GlassShoesUITests.release.xcconfig */,
			);
			name = Pods;
			sourceTree = "<group>";
		};
		61414B0B6099E0D4CB717C39 /* Frameworks */ = {
			isa = PBXGroup;
			children = (
				77F3BDB1823EA7313BDCF97A /* Pods_GlassShoes.framework */,
				37249CA639B16C6F67C68EAE /* Pods_GlassShoesTests.framework */,
				068F1D0F15C75F0A1826D8D9 /* Pods_GlassShoesUITests.framework */,
			);
			name = Frameworks;
			sourceTree = "<group>";
		};
/* End PBXGroup section */

/* Begin PBXNativeTarget section */
		1891A88920B821C100545026 /* GlassShoes */ = {
			isa = PBXNativeTarget;
			buildConfigurationList = 1891A8B220B821C200545026 /* Build configuration list for PBXNativeTarget "GlassShoes" */;
			buildPhases = (
				738B34DFB168D941F4002E99 /* [CP] Check Pods Manifest.lock */,
				1891A88620B821C100545026 /* Sources */,
				1891A88720B821C100545026 /* Frameworks */,
				1891A88820B821C100545026 /* Resources */,
				51491E2E785E857593D8459C /* [CP] Embed Pods Frameworks */,
			);
			buildRules = (
			);
			dependencies = (
			);
			name = GlassShoes;
			productName = GlassShoes;
			productReference = 1891A88A20B821C100545026 /* GlassShoes.app */;
			productType = "com.apple.product-type.application";
		};
		1891A89D20B821C200545026 /* GlassShoesTests */ = {
			isa = PBXNativeTarget;
			buildConfigurationList = 1891A8B520B821C200545026 /* Build configuration list for PBXNativeTarget "GlassShoesTests" */;
			buildPhases = (
				0BD03C3A6F5061B714558CB8 /* [CP] Check Pods Manifest.lock */,
				1891A89A20B821C200545026 /* Sources */,
				1891A89B20B821C200545026 /* Frameworks */,
				1891A89C20B821C200545026 /* Resources */,
			);
			buildRules = (
			);
			dependencies = (
				1891A8A020B821C200545026 /* PBXTargetDependency */,
			);
			name = GlassShoesTests;
			productName = GlassShoesTests;
			productReference = 1891A89E20B821C200545026 /* GlassShoesTests.xctest */;
			productType = "com.apple.product-type.bundle.unit-test";
		};
		1891A8A820B821C200545026 /* GlassShoesUITests */ = {
			isa = PBXNativeTarget;
			buildConfigurationList = 1891A8B820B821C200545026 /* Build configuration list for PBXNativeTarget "GlassShoesUITests" */;
			buildPhases = (
				F8E476DDBA5DB5B4FF79D50D /* [CP] Check Pods Manifest.lock */,
				1891A8A520B821C200545026 /* Sources */,
				1891A8A620B821C200545026 /* Frameworks */,
				1891A8A720B821C200545026 /* Resources */,
			);
			buildRules = (
			);
			dependencies = (
				1891A8AB20B821C200545026 /* PBXTargetDependency */,
			);
			name = GlassShoesUITests;
			productName = GlassShoesUITests;
			productReference = 1891A8A920B821C200545026 /* GlassShoesUITests.xctest */;
			productType = "com.apple.product-type.bundle.ui-testing";
		};
/* End PBXNativeTarget section */

/* Begin PBXProject section */
		1891A88220B821C100545026 /* Project object */ = {
			isa = PBXProject;
			attributes = {
				LastSwiftUpdateCheck = 0930;
				LastUpgradeCheck = 0930;
				ORGANIZATIONNAME = "software_studio1_예림";
				TargetAttributes = {
					1891A88920B821C100545026 = {
						CreatedOnToolsVersion = 9.3.1;
					};
					1891A89D20B821C200545026 = {
						CreatedOnToolsVersion = 9.3.1;
						TestTargetID = 1891A88920B821C100545026;
					};
					1891A8A820B821C200545026 = {
						CreatedOnToolsVersion = 9.3.1;
						TestTargetID = 1891A88920B821C100545026;
					};
				};
			};
			buildConfigurationList = 1891A88520B821C100545026 /* Build configuration list for PBXProject "GlassShoes" */;
			compatibilityVersion = "Xcode 9.3";
			developmentRegion = en;
			hasScannedForEncodings = 0;
			knownRegions = (
				en,
				Base,
			);
			mainGroup = 1891A88120B821C100545026;
			productRefGroup = 1891A88B20B821C100545026 /* Products */;
			projectDirPath = "";
			projectRoot = "";
			targets = (
				1891A88920B821C100545026 /* GlassShoes */,
				1891A89D20B821C200545026 /* GlassShoesTests */,
				1891A8A820B821C200545026 /* GlassShoesUITests */,
			);
		};
/* End PBXProject section */

/* Begin PBXResourcesBuildPhase section */
		1891A88820B821C100545026 /* Resources */ = {
			isa = PBXResourcesBuildPhase;
			buildActionMask = 2147483647;
			files = (
				B866BC0620CCD98C0059D8DF /* glass_shoes2.jpeg in Resources */,
				B866BC0420CCD9840059D8DF /* glass_shoes.jpeg in Resources */,
				1891A89820B821C200545026 /* LaunchScreen.storyboard in Resources */,
				189FE8E220C4397400C6F3CD /* GoogleService-Info.plist in Resources */,
				1891A89520B821C200545026 /* Assets.xcassets in Resources */,
				1891A89320B821C100545026 /* Main.storyboard in Resources */,
				B866BC0820CCD9B60059D8DF /* last.png in Resources */,
			);
			runOnlyForDeploymentPostprocessing = 0;
		};
		1891A89C20B821C200545026 /* Resources */ = {
			isa = PBXResourcesBuildPhase;
			buildActionMask = 2147483647;
			files = (
			);
			runOnlyForDeploymentPostprocessing = 0;
		};
		1891A8A720B821C200545026 /* Resources */ = {
			isa = PBXResourcesBuildPhase;
			buildActionMask = 2147483647;
			files = (
			);
			runOnlyForDeploymentPostprocessing = 0;
		};
/* End PBXResourcesBuildPhase section */

/* Begin PBXShellScriptBuildPhase section */
		0BD03C3A6F5061B714558CB8 /* [CP] Check Pods Manifest.lock */ = {
			isa = PBXShellScriptBuildPhase;
			buildActionMask = 2147483647;
			files = (
			);
			inputPaths = (
				"${PODS_PODFILE_DIR_PATH}/Podfile.lock",
				"${PODS_ROOT}/Manifest.lock",
			);
			name = "[CP] Check Pods Manifest.lock";
			outputPaths = (
				"$(DERIVED_FILE_DIR)/Pods-GlassShoesTests-checkManifestLockResult.txt",
			);
			runOnlyForDeploymentPostprocessing = 0;
			shellPath = /bin/sh;
			shellScript = "diff \"${PODS_PODFILE_DIR_PATH}/Podfile.lock\" \"${PODS_ROOT}/Manifest.lock\" > /dev/null\nif [ $? != 0 ] ; then\n    # print error to STDERR\n    echo \"error: The sandbox is not in sync with the Podfile.lock. Run 'pod install' or update your CocoaPods installation.\" >&2\n    exit 1\nfi\n# This output is used by Xcode 'outputs' to avoid re-running this script phase.\necho \"SUCCESS\" > \"${SCRIPT_OUTPUT_FILE_0}\"\n";
			showEnvVarsInLog = 0;
		};
		51491E2E785E857593D8459C /* [CP] Embed Pods Frameworks */ = {
			isa = PBXShellScriptBuildPhase;
			buildActionMask = 2147483647;
			files = (
			);
			inputPaths = (
				"${SRCROOT}/Pods/Target Support Files/Pods-GlassShoes/Pods-GlassShoes-frameworks.sh",
				"${BUILT_PRODUCTS_DIR}/GTMSessionFetcher/GTMSessionFetcher.framework",
				"${BUILT_PRODUCTS_DIR}/GoogleToolboxForMac/GoogleToolboxForMac.framework",
				"${BUILT_PRODUCTS_DIR}/leveldb-library/leveldb.framework",
				"${BUILT_PRODUCTS_DIR}/nanopb/nanopb.framework",
			);
			name = "[CP] Embed Pods Frameworks";
			outputPaths = (
				"${TARGET_BUILD_DIR}/${FRAMEWORKS_FOLDER_PATH}/GTMSessionFetcher.framework",
				"${TARGET_BUILD_DIR}/${FRAMEWORKS_FOLDER_PATH}/GoogleToolboxForMac.framework",
				"${TARGET_BUILD_DIR}/${FRAMEWORKS_FOLDER_PATH}/leveldb.framework",
				"${TARGET_BUILD_DIR}/${FRAMEWORKS_FOLDER_PATH}/nanopb.framework",
			);
			runOnlyForDeploymentPostprocessing = 0;
			shellPath = /bin/sh;
			shellScript = "\"${SRCROOT}/Pods/Target Support Files/Pods-GlassShoes/Pods-GlassShoes-frameworks.sh\"\n";
			showEnvVarsInLog = 0;
		};
		738B34DFB168D941F4002E99 /* [CP] Check Pods Manifest.lock */ = {
			isa = PBXShellScriptBuildPhase;
			buildActionMask = 2147483647;
			files = (
			);
			inputPaths = (
				"${PODS_PODFILE_DIR_PATH}/Podfile.lock",
				"${PODS_ROOT}/Manifest.lock",
			);
			name = "[CP] Check Pods Manifest.lock";
			outputPaths = (
				"$(DERIVED_FILE_DIR)/Pods-GlassShoes-checkManifestLockResult.txt",
			);
			runOnlyForDeploymentPostprocessing = 0;
			shellPath = /bin/sh;
			shellScript = "diff \"${PODS_PODFILE_DIR_PATH}/Podfile.lock\" \"${PODS_ROOT}/Manifest.lock\" > /dev/null\nif [ $? != 0 ] ; then\n    # print error to STDERR\n    echo \"error: The sandbox is not in sync with the Podfile.lock. Run 'pod install' or update your CocoaPods installation.\" >&2\n    exit 1\nfi\n# This output is used by Xcode 'outputs' to avoid re-running this script phase.\necho \"SUCCESS\" > \"${SCRIPT_OUTPUT_FILE_0}\"\n";
			showEnvVarsInLog = 0;
		};
		F8E476DDBA5DB5B4FF79D50D /* [CP] Check Pods Manifest.lock */ = {
			isa = PBXShellScriptBuildPhase;
			buildActionMask = 2147483647;
			files = (
			);
			inputPaths = (
				"${PODS_PODFILE_DIR_PATH}/Podfile.lock",
				"${PODS_ROOT}/Manifest.lock",
			);
			name = "[CP] Check Pods Manifest.lock";
			outputPaths = (
				"$(DERIVED_FILE_DIR)/Pods-GlassShoesUITests-checkManifestLockResult.txt",
			);
			runOnlyForDeploymentPostprocessing = 0;
			shellPath = /bin/sh;
			shellScript = "diff \"${PODS_PODFILE_DIR_PATH}/Podfile.lock\" \"${PODS_ROOT}/Manifest.lock\" > /dev/null\nif [ $? != 0 ] ; then\n    # print error to STDERR\n    echo \"error: The sandbox is not in sync with the Podfile.lock. Run 'pod install' or update your CocoaPods installation.\" >&2\n    exit 1\nfi\n# This output is used by Xcode 'outputs' to avoid re-running this script phase.\necho \"SUCCESS\" > \"${SCRIPT_OUTPUT_FILE_0}\"\n";
			showEnvVarsInLog = 0;
		};
/* End PBXShellScriptBuildPhase section */

/* Begin PBXSourcesBuildPhase section */
		1891A88620B821C100545026 /* Sources */ = {
			isa = PBXSourcesBuildPhase;
			buildActionMask = 2147483647;
			files = (
				1891A89020B821C100545026 /* ViewController.swift in Sources */,
				1891A88E20B821C100545026 /* AppDelegate.swift in Sources */,
				189FE8E020C42D8E00C6F3CD /* SearchShoesTableViewController.swift in Sources */,
				B8BD49E020C3E6C400E12C30 /* 내사이즈ViewController.swift in Sources */,
				18609B6220C923CD008091F9 /* dataWriteViewController.swift in Sources */,
				2523318D20C538120044A6ED /* selectedViewController.swift in Sources */,
				B8A31ADA20C57887009CA095 /* introViewController.swift in Sources */,
				B866BC0220CCB8F40059D8DF /* pageViewController.swift in Sources */,
			);
			runOnlyForDeploymentPostprocessing = 0;
		};
		1891A89A20B821C200545026 /* Sources */ = {
			isa = PBXSourcesBuildPhase;
			buildActionMask = 2147483647;
			files = (
				1891A8A320B821C200545026 /* GlassShoesTests.swift in Sources */,
			);
			runOnlyForDeploymentPostprocessing = 0;
		};
		1891A8A520B821C200545026 /* Sources */ = {
			isa = PBXSourcesBuildPhase;
			buildActionMask = 2147483647;
			files = (
				1891A8AE20B821C200545026 /* GlassShoesUITests.swift in Sources */,
			);
			runOnlyForDeploymentPostprocessing = 0;
		};
/* End PBXSourcesBuildPhase section */

/* Begin PBXTargetDependency section */
		1891A8A020B821C200545026 /* PBXTargetDependency */ = {
			isa = PBXTargetDependency;
			target = 1891A88920B821C100545026 /* GlassShoes */;
			targetProxy = 1891A89F20B821C200545026 /* PBXContainerItemProxy */;
		};
		1891A8AB20B821C200545026 /* PBXTargetDependency */ = {
			isa = PBXTargetDependency;
			target = 1891A88920B821C100545026 /* GlassShoes */;
			targetProxy = 1891A8AA20B821C200545026 /* PBXContainerItemProxy */;
		};
/* End PBXTargetDependency section */

/* Begin PBXVariantGroup section */
		1891A89120B821C100545026 /* Main.storyboard */ = {
			isa = PBXVariantGroup;
			children = (
				1891A89220B821C100545026 /* Base */,
			);
			name = Main.storyboard;
			sourceTree = "<group>";
		};
		1891A89620B821C200545026 /* LaunchScreen.storyboard */ = {
			isa = PBXVariantGroup;
			children = (
				1891A89720B821C200545026 /* Base */,
			);
			name = LaunchScreen.storyboard;
			sourceTree = "<group>";
		};
/* End PBXVariantGroup section */

/* Begin XCBuildConfiguration section */
		1891A8B020B821C200545026 /* Debug */ = {
			isa = XCBuildConfiguration;
			buildSettings = {
				ALWAYS_SEARCH_USER_PATHS = NO;
				CLANG_ANALYZER_NONNULL = YES;
				CLANG_ANALYZER_NUMBER_OBJECT_CONVERSION = YES_AGGRESSIVE;
				CLANG_CXX_LANGUAGE_STANDARD = "gnu++14";
				CLANG_CXX_LIBRARY = "libc++";
				CLANG_ENABLE_MODULES = YES;
				CLANG_ENABLE_OBJC_ARC = YES;
				CLANG_ENABLE_OBJC_WEAK = YES;
				CLANG_WARN_BLOCK_CAPTURE_AUTORELEASING = YES;
				CLANG_WARN_BOOL_CONVERSION = YES;
				CLANG_WARN_COMMA = YES;
				CLANG_WARN_CONSTANT_CONVERSION = YES;
				CLANG_WARN_DEPRECATED_OBJC_IMPLEMENTATIONS = YES;
				CLANG_WARN_DIRECT_OBJC_ISA_USAGE = YES_ERROR;
				CLANG_WARN_DOCUMENTATION_COMMENTS = YES;
				CLANG_WARN_EMPTY_BODY = YES;
				CLANG_WARN_ENUM_CONVERSION = YES;
				CLANG_WARN_INFINITE_RECURSION = YES;
				CLANG_WARN_INT_CONVERSION = YES;
				CLANG_WARN_NON_LITERAL_NULL_CONVERSION = YES;
				CLANG_WARN_OBJC_IMPLICIT_RETAIN_SELF = YES;
				CLANG_WARN_OBJC_LITERAL_CONVERSION = YES;
				CLANG_WARN_OBJC_ROOT_CLASS = YES_ERROR;
				CLANG_WARN_RANGE_LOOP_ANALYSIS = YES;
				CLANG_WARN_STRICT_PROTOTYPES = YES;
				CLANG_WARN_SUSPICIOUS_MOVE = YES;
				CLANG_WARN_UNGUARDED_AVAILABILITY = YES_AGGRESSIVE;
				CLANG_WARN_UNREACHABLE_CODE = YES;
				CLANG_WARN__DUPLICATE_METHOD_MATCH = YES;
				CODE_SIGN_IDENTITY = "iPhone Developer";
				COPY_PHASE_STRIP = NO;
				DEBUG_INFORMATION_FORMAT = dwarf;
				ENABLE_STRICT_OBJC_MSGSEND = YES;
				ENABLE_TESTABILITY = YES;
				GCC_C_LANGUAGE_STANDARD = gnu11;
				GCC_DYNAMIC_NO_PIC = NO;
				GCC_NO_COMMON_BLOCKS = YES;
				GCC_OPTIMIZATION_LEVEL = 0;
				GCC_PREPROCESSOR_DEFINITIONS = (
					"DEBUG=1",
					"$(inherited)",
				);
				GCC_WARN_64_TO_32_BIT_CONVERSION = YES;
				GCC_WARN_ABOUT_RETURN_TYPE = YES_ERROR;
				GCC_WARN_UNDECLARED_SELECTOR = YES;
				GCC_WARN_UNINITIALIZED_AUTOS = YES_AGGRESSIVE;
				GCC_WARN_UNUSED_FUNCTION = YES;
				GCC_WARN_UNUSED_VARIABLE = YES;
				IPHONEOS_DEPLOYMENT_TARGET = 11.3;
				MTL_ENABLE_DEBUG_INFO = YES;
				ONLY_ACTIVE_ARCH = YES;
				SDKROOT = iphoneos;
				SWIFT_ACTIVE_COMPILATION_CONDITIONS = DEBUG;
				SWIFT_OPTIMIZATION_LEVEL = "-Onone";
			};
			name = Debug;
		};
		1891A8B120B821C200545026 /* Release */ = {
			isa = XCBuildConfiguration;
			buildSettings = {
				ALWAYS_SEARCH_USER_PATHS = NO;
				CLANG_ANALYZER_NONNULL = YES;
				CLANG_ANALYZER_NUMBER_OBJECT_CONVERSION = YES_AGGRESSIVE;
				CLANG_CXX_LANGUAGE_STANDARD = "gnu++14";
				CLANG_CXX_LIBRARY = "libc++";
				CLANG_ENABLE_MODULES = YES;
				CLANG_ENABLE_OBJC_ARC = YES;
				CLANG_ENABLE_OBJC_WEAK = YES;
				CLANG_WARN_BLOCK_CAPTURE_AUTORELEASING = YES;
				CLANG_WARN_BOOL_CONVERSION = YES;
				CLANG_WARN_COMMA = YES;
				CLANG_WARN_CONSTANT_CONVERSION = YES;
				CLANG_WARN_DEPRECATED_OBJC_IMPLEMENTATIONS = YES;
				CLANG_WARN_DIRECT_OBJC_ISA_USAGE = YES_ERROR;
				CLANG_WARN_DOCUMENTATION_COMMENTS = YES;
				CLANG_WARN_EMPTY_BODY = YES;
				CLANG_WARN_ENUM_CONVERSION = YES;
				CLANG_WARN_INFINITE_RECURSION = YES;
				CLANG_WARN_INT_CONVERSION = YES;
				CLANG_WARN_NON_LITERAL_NULL_CONVERSION = YES;
				CLANG_WARN_OBJC_IMPLICIT_RETAIN_SELF = YES;
				CLANG_WARN_OBJC_LITERAL_CONVERSION = YES;
				CLANG_WARN_OBJC_ROOT_CLASS = YES_ERROR;
				CLANG_WARN_RANGE_LOOP_ANALYSIS = YES;
				CLANG_WARN_STRICT_PROTOTYPES = YES;
				CLANG_WARN_SUSPICIOUS_MOVE = YES;
				CLANG_WARN_UNGUARDED_AVAILABILITY = YES_AGGRESSIVE;
				CLANG_WARN_UNREACHABLE_CODE = YES;
				CLANG_WARN__DUPLICATE_METHOD_MATCH = YES;
				CODE_SIGN_IDENTITY = "iPhone Developer";
				COPY_PHASE_STRIP = NO;
				DEBUG_INFORMATION_FORMAT = "dwarf-with-dsym";
				ENABLE_NS_ASSERTIONS = NO;
				ENABLE_STRICT_OBJC_MSGSEND = YES;
				GCC_C_LANGUAGE_STANDARD = gnu11;
				GCC_NO_COMMON_BLOCKS = YES;
				GCC_WARN_64_TO_32_BIT_CONVERSION = YES;
				GCC_WARN_ABOUT_RETURN_TYPE = YES_ERROR;
				GCC_WARN_UNDECLARED_SELECTOR = YES;
				GCC_WARN_UNINITIALIZED_AUTOS = YES_AGGRESSIVE;
				GCC_WARN_UNUSED_FUNCTION = YES;
				GCC_WARN_UNUSED_VARIABLE = YES;
				IPHONEOS_DEPLOYMENT_TARGET = 11.3;
				MTL_ENABLE_DEBUG_INFO = NO;
				SDKROOT = iphoneos;
				SWIFT_COMPILATION_MODE = wholemodule;
				SWIFT_OPTIMIZATION_LEVEL = "-O";
				VALIDATE_PRODUCT = YES;
			};
			name = Release;
		};
		1891A8B320B821C200545026 /* Debug */ = {
			isa = XCBuildConfiguration;
			baseConfigurationReference = 4E5916919AFE83299747C033 /* Pods-GlassShoes.debug.xcconfig */;
			buildSettings = {
				ASSETCATALOG_COMPILER_APPICON_NAME = AppIcon;
				CODE_SIGN_STYLE = Automatic;
				INFOPLIST_FILE = GlassShoes/Info.plist;
				LD_RUNPATH_SEARCH_PATHS = (
					"$(inherited)",
					"@executable_path/Frameworks",
				);
				PRODUCT_BUNDLE_IDENTIFIER = com.GlassShoes;
				PRODUCT_NAME = "$(TARGET_NAME)";
				SWIFT_VERSION = 4.0;
				TARGETED_DEVICE_FAMILY = "1,2";
			};
			name = Debug;
		};
		1891A8B420B821C200545026 /* Release */ = {
			isa = XCBuildConfiguration;
			baseConfigurationReference = 6D79D99D2BCE020CF7956A12 /* Pods-GlassShoes.release.xcconfig */;
			buildSettings = {
				ASSETCATALOG_COMPILER_APPICON_NAME = AppIcon;
				CODE_SIGN_STYLE = Automatic;
				INFOPLIST_FILE = GlassShoes/Info.plist;
				LD_RUNPATH_SEARCH_PATHS = (
					"$(inherited)",
					"@executable_path/Frameworks",
				);
				PRODUCT_BUNDLE_IDENTIFIER = com.GlassShoes;
				PRODUCT_NAME = "$(TARGET_NAME)";
				SWIFT_VERSION = 4.0;
				TARGETED_DEVICE_FAMILY = "1,2";
			};
			name = Release;
		};
		1891A8B620B821C200545026 /* Debug */ = {
			isa = XCBuildConfiguration;
			baseConfigurationReference = BFAD366D8DFC013B6E1EEF03 /* Pods-GlassShoesTests.debug.xcconfig */;
			buildSettings = {
				ALWAYS_EMBED_SWIFT_STANDARD_LIBRARIES = YES;
				BUNDLE_LOADER = "$(TEST_HOST)";
				CODE_SIGN_STYLE = Automatic;
				INFOPLIST_FILE = GlassShoesTests/Info.plist;
				LD_RUNPATH_SEARCH_PATHS = (
					"$(inherited)",
					"@executable_path/Frameworks",
					"@loader_path/Frameworks",
				);
				PRODUCT_BUNDLE_IDENTIFIER = com.GlassShoesTests;
				PRODUCT_NAME = "$(TARGET_NAME)";
				SWIFT_VERSION = 4.0;
				TARGETED_DEVICE_FAMILY = "1,2";
				TEST_HOST = "$(BUILT_PRODUCTS_DIR)/GlassShoes.app/GlassShoes";
			};
			name = Debug;
		};
		1891A8B720B821C200545026 /* Release */ = {
			isa = XCBuildConfiguration;
			baseConfigurationReference = 275BEA944FE6BDE838291B67 /* Pods-GlassShoesTests.release.xcconfig */;
			buildSettings = {
				ALWAYS_EMBED_SWIFT_STANDARD_LIBRARIES = YES;
				BUNDLE_LOADER = "$(TEST_HOST)";
				CODE_SIGN_STYLE = Automatic;
				INFOPLIST_FILE = GlassShoesTests/Info.plist;
				LD_RUNPATH_SEARCH_PATHS = (
					"$(inherited)",
					"@executable_path/Frameworks",
					"@loader_path/Frameworks",
				);
				PRODUCT_BUNDLE_IDENTIFIER = com.GlassShoesTests;
				PRODUCT_NAME = "$(TARGET_NAME)";
				SWIFT_VERSION = 4.0;
				TARGETED_DEVICE_FAMILY = "1,2";
				TEST_HOST = "$(BUILT_PRODUCTS_DIR)/GlassShoes.app/GlassShoes";
			};
			name = Release;
		};
		1891A8B920B821C200545026 /* Debug */ = {
			isa = XCBuildConfiguration;
			baseConfigurationReference = A80AE6F034DE177275AFA8C7 /* Pods-GlassShoesUITests.debug.xcconfig */;
			buildSettings = {
				ALWAYS_EMBED_SWIFT_STANDARD_LIBRARIES = YES;
				CODE_SIGN_STYLE = Automatic;
				INFOPLIST_FILE = GlassShoesUITests/Info.plist;
				LD_RUNPATH_SEARCH_PATHS = (
					"$(inherited)",
					"@executable_path/Frameworks",
					"@loader_path/Frameworks",
				);
				PRODUCT_BUNDLE_IDENTIFIER = com.GlassShoesUITests;
				PRODUCT_NAME = "$(TARGET_NAME)";
				SWIFT_VERSION = 4.0;
				TARGETED_DEVICE_FAMILY = "1,2";
				TEST_TARGET_NAME = GlassShoes;
			};
			name = Debug;
		};
		1891A8BA20B821C200545026 /* Release */ = {
			isa = XCBuildConfiguration;
			baseConfigurationReference = 5D33DE7168E633D26582D82A /* Pods-GlassShoesUITests.release.xcconfig */;
			buildSettings = {
				ALWAYS_EMBED_SWIFT_STANDARD_LIBRARIES = YES;
				CODE_SIGN_STYLE = Automatic;
				INFOPLIST_FILE = GlassShoesUITests/Info.plist;
				LD_RUNPATH_SEARCH_PATHS = (
					"$(inherited)",
					"@executable_path/Frameworks",
					"@loader_path/Frameworks",
				);
				PRODUCT_BUNDLE_IDENTIFIER = com.GlassShoesUITests;
				PRODUCT_NAME = "$(TARGET_NAME)";
				SWIFT_VERSION = 4.0;
				TARGETED_DEVICE_FAMILY = "1,2";
				TEST_TARGET_NAME = GlassShoes;
			};
			name = Release;
		};
/* End XCBuildConfiguration section */

/* Begin XCConfigurationList section */
		1891A88520B821C100545026 /* Build configuration list for PBXProject "GlassShoes" */ = {
			isa = XCConfigurationList;
			buildConfigurations = (
				1891A8B020B821C200545026 /* Debug */,
				1891A8B120B821C200545026 /* Release */,
			);
			defaultConfigurationIsVisible = 0;
			defaultConfigurationName = Release;
		};
		1891A8B220B821C200545026 /* Build configuration list for PBXNativeTarget "GlassShoes" */ = {
			isa = XCConfigurationList;
			buildConfigurations = (
				1891A8B320B821C200545026 /* Debug */,
				1891A8B420B821C200545026 /* Release */,
			);
			defaultConfigurationIsVisible = 0;
			defaultConfigurationName = Release;
		};
		1891A8B520B821C200545026 /* Build configuration list for PBXNativeTarget "GlassShoesTests" */ = {
			isa = XCConfigurationList;
			buildConfigurations = (
				1891A8B620B821C200545026 /* Debug */,
				1891A8B720B821C200545026 /* Release */,
			);
			defaultConfigurationIsVisible = 0;
			defaultConfigurationName = Release;
		};
		1891A8B820B821C200545026 /* Build configuration list for PBXNativeTarget "GlassShoesUITests" */ = {
			isa = XCConfigurationList;
			buildConfigurations = (
				1891A8B920B821C200545026 /* Debug */,
				1891A8BA20B821C200545026 /* Release */,
			);
			defaultConfigurationIsVisible = 0;
			defaultConfigurationName = Release;
		};
/* End XCConfigurationList section */
	};
	rootObject = 1891A88220B821C100545026 /* Project object */;
}
