// !$*UTF8*$!
{
	archiveVersion = 1;
	classes = {
	};
	objectVersion = 50;
	objects = {

/* Begin PBXBuildFile section */
		18418A8820B5625400F842BD /* AppDelegate.swift in Sources */ = {isa = PBXBuildFile; fileRef = 18418A8720B5625400F842BD /* AppDelegate.swift */; };
		18418A8A20B5625400F842BD /* ViewController.swift in Sources */ = {isa = PBXBuildFile; fileRef = 18418A8920B5625400F842BD /* ViewController.swift */; };
		18418A8D20B5625400F842BD /* Main.storyboard in Resources */ = {isa = PBXBuildFile; fileRef = 18418A8B20B5625400F842BD /* Main.storyboard */; };
		18418A8F20B5625600F842BD /* Assets.xcassets in Resources */ = {isa = PBXBuildFile; fileRef = 18418A8E20B5625600F842BD /* Assets.xcassets */; };
		18418A9220B5625600F842BD /* LaunchScreen.storyboard in Resources */ = {isa = PBXBuildFile; fileRef = 18418A9020B5625600F842BD /* LaunchScreen.storyboard */; };
		18418A9D20B5625600F842BD /* crystal_shoesTests.swift in Sources */ = {isa = PBXBuildFile; fileRef = 18418A9C20B5625600F842BD /* crystal_shoesTests.swift */; };
		18418AA820B5625700F842BD /* crystal_shoesUITests.swift in Sources */ = {isa = PBXBuildFile; fileRef = 18418AA720B5625700F842BD /* crystal_shoesUITests.swift */; };
		18418AB720B5629D00F842BD /* KakaoOpenSDK.framework in Frameworks */ = {isa = PBXBuildFile; fileRef = 18418AB620B5629D00F842BD /* KakaoOpenSDK.framework */; };
/* End PBXBuildFile section */

/* Begin PBXContainerItemProxy section */
		18418A9920B5625600F842BD /* PBXContainerItemProxy */ = {
			isa = PBXContainerItemProxy;
			containerPortal = 18418A7C20B5625400F842BD /* Project object */;
			proxyType = 1;
			remoteGlobalIDString = 18418A8320B5625400F842BD;
			remoteInfo = crystal_shoes;
		};
		18418AA420B5625700F842BD /* PBXContainerItemProxy */ = {
			isa = PBXContainerItemProxy;
			containerPortal = 18418A7C20B5625400F842BD /* Project object */;
			proxyType = 1;
			remoteGlobalIDString = 18418A8320B5625400F842BD;
			remoteInfo = crystal_shoes;
		};
/* End PBXContainerItemProxy section */

/* Begin PBXFileReference section */
		18418A8420B5625400F842BD /* crystal_shoes.app */ = {isa = PBXFileReference; explicitFileType = wrapper.application; includeInIndex = 0; path = crystal_shoes.app; sourceTree = BUILT_PRODUCTS_DIR; };
		18418A8720B5625400F842BD /* AppDelegate.swift */ = {isa = PBXFileReference; lastKnownFileType = sourcecode.swift; path = AppDelegate.swift; sourceTree = "<group>"; };
		18418A8920B5625400F842BD /* ViewController.swift */ = {isa = PBXFileReference; lastKnownFileType = sourcecode.swift; path = ViewController.swift; sourceTree = "<group>"; };
		18418A8C20B5625400F842BD /* Base */ = {isa = PBXFileReference; lastKnownFileType = file.storyboard; name = Base; path = Base.lproj/Main.storyboard; sourceTree = "<group>"; };
		18418A8E20B5625600F842BD /* Assets.xcassets */ = {isa = PBXFileReference; lastKnownFileType = folder.assetcatalog; path = Assets.xcassets; sourceTree = "<group>"; };
		18418A9120B5625600F842BD /* Base */ = {isa = PBXFileReference; lastKnownFileType = file.storyboard; name = Base; path = Base.lproj/LaunchScreen.storyboard; sourceTree = "<group>"; };
		18418A9320B5625600F842BD /* Info.plist */ = {isa = PBXFileReference; lastKnownFileType = text.plist.xml; path = Info.plist; sourceTree = "<group>"; };
		18418A9820B5625600F842BD /* crystal_shoesTests.xctest */ = {isa = PBXFileReference; explicitFileType = wrapper.cfbundle; includeInIndex = 0; path = crystal_shoesTests.xctest; sourceTree = BUILT_PRODUCTS_DIR; };
		18418A9C20B5625600F842BD /* crystal_shoesTests.swift */ = {isa = PBXFileReference; lastKnownFileType = sourcecode.swift; path = crystal_shoesTests.swift; sourceTree = "<group>"; };
		18418A9E20B5625600F842BD /* Info.plist */ = {isa = PBXFileReference; lastKnownFileType = text.plist.xml; path = Info.plist; sourceTree = "<group>"; };
		18418AA320B5625700F842BD /* crystal_shoesUITests.xctest */ = {isa = PBXFileReference; explicitFileType = wrapper.cfbundle; includeInIndex = 0; path = crystal_shoesUITests.xctest; sourceTree = BUILT_PRODUCTS_DIR; };
		18418AA720B5625700F842BD /* crystal_shoesUITests.swift */ = {isa = PBXFileReference; lastKnownFileType = sourcecode.swift; path = crystal_shoesUITests.swift; sourceTree = "<group>"; };
		18418AA920B5625700F842BD /* Info.plist */ = {isa = PBXFileReference; lastKnownFileType = text.plist.xml; path = Info.plist; sourceTree = "<group>"; };
		18418AB620B5629D00F842BD /* KakaoOpenSDK.framework */ = {isa = PBXFileReference; lastKnownFileType = wrapper.framework; path = KakaoOpenSDK.framework; sourceTree = "<group>"; };
		18418ABA20B569D200F842BD /* Bridging_Header.h */ = {isa = PBXFileReference; lastKnownFileType = sourcecode.c.h; path = Bridging_Header.h; sourceTree = "<group>"; };
/* End PBXFileReference section */

/* Begin PBXFrameworksBuildPhase section */
		18418A8120B5625400F842BD /* Frameworks */ = {
			isa = PBXFrameworksBuildPhase;
			buildActionMask = 2147483647;
			files = (
				18418AB720B5629D00F842BD /* KakaoOpenSDK.framework in Frameworks */,
			);
			runOnlyForDeploymentPostprocessing = 0;
		};
		18418A9520B5625600F842BD /* Frameworks */ = {
			isa = PBXFrameworksBuildPhase;
			buildActionMask = 2147483647;
			files = (
			);
			runOnlyForDeploymentPostprocessing = 0;
		};
		18418AA020B5625700F842BD /* Frameworks */ = {
			isa = PBXFrameworksBuildPhase;
			buildActionMask = 2147483647;
			files = (
			);
			runOnlyForDeploymentPostprocessing = 0;
		};
/* End PBXFrameworksBuildPhase section */

/* Begin PBXGroup section */
		18418A7B20B5625400F842BD = {
			isa = PBXGroup;
			children = (
				18418AB520B5627C00F842BD /* Frameworks */,
				18418A8620B5625400F842BD /* crystal_shoes */,
				18418A9B20B5625600F842BD /* crystal_shoesTests */,
				18418AA620B5625700F842BD /* crystal_shoesUITests */,
				18418A8520B5625400F842BD /* Products */,
			);
			sourceTree = "<group>";
		};
		18418A8520B5625400F842BD /* Products */ = {
			isa = PBXGroup;
			children = (
				18418A8420B5625400F842BD /* crystal_shoes.app */,
				18418A9820B5625600F842BD /* crystal_shoesTests.xctest */,
				18418AA320B5625700F842BD /* crystal_shoesUITests.xctest */,
			);
			name = Products;
			sourceTree = "<group>";
		};
		18418A8620B5625400F842BD /* crystal_shoes */ = {
			isa = PBXGroup;
			children = (
				18418A8720B5625400F842BD /* AppDelegate.swift */,
				18418A8920B5625400F842BD /* ViewController.swift */,
				18418A8B20B5625400F842BD /* Main.storyboard */,
				18418A8E20B5625600F842BD /* Assets.xcassets */,
				18418A9020B5625600F842BD /* LaunchScreen.storyboard */,
				18418A9320B5625600F842BD /* Info.plist */,
				18418ABA20B569D200F842BD /* Bridging_Header.h */,
			);
			path = crystal_shoes;
			sourceTree = "<group>";
		};
		18418A9B20B5625600F842BD /* crystal_shoesTests */ = {
			isa = PBXGroup;
			children = (
				18418A9C20B5625600F842BD /* crystal_shoesTests.swift */,
				18418A9E20B5625600F842BD /* Info.plist */,
			);
			path = crystal_shoesTests;
			sourceTree = "<group>";
		};
		18418AA620B5625700F842BD /* crystal_shoesUITests */ = {
			isa = PBXGroup;
			children = (
				18418AA720B5625700F842BD /* crystal_shoesUITests.swift */,
				18418AA920B5625700F842BD /* Info.plist */,
			);
			path = crystal_shoesUITests;
			sourceTree = "<group>";
		};
		18418AB520B5627C00F842BD /* Frameworks */ = {
			isa = PBXGroup;
			children = (
				18418AB620B5629D00F842BD /* KakaoOpenSDK.framework */,
			);
			path = Frameworks;
			sourceTree = "<group>";
		};
/* End PBXGroup section */

/* Begin PBXNativeTarget section */
		18418A8320B5625400F842BD /* crystal_shoes */ = {
			isa = PBXNativeTarget;
			buildConfigurationList = 18418AAC20B5625700F842BD /* Build configuration list for PBXNativeTarget "crystal_shoes" */;
			buildPhases = (
				18418A8020B5625400F842BD /* Sources */,
				18418A8120B5625400F842BD /* Frameworks */,
				18418A8220B5625400F842BD /* Resources */,
			);
			buildRules = (
			);
			dependencies = (
			);
			name = crystal_shoes;
			productName = crystal_shoes;
			productReference = 18418A8420B5625400F842BD /* crystal_shoes.app */;
			productType = "com.apple.product-type.application";
		};
		18418A9720B5625600F842BD /* crystal_shoesTests */ = {
			isa = PBXNativeTarget;
			buildConfigurationList = 18418AAF20B5625700F842BD /* Build configuration list for PBXNativeTarget "crystal_shoesTests" */;
			buildPhases = (
				18418A9420B5625600F842BD /* Sources */,
				18418A9520B5625600F842BD /* Frameworks */,
				18418A9620B5625600F842BD /* Resources */,
			);
			buildRules = (
			);
			dependencies = (
				18418A9A20B5625600F842BD /* PBXTargetDependency */,
			);
			name = crystal_shoesTests;
			productName = crystal_shoesTests;
			productReference = 18418A9820B5625600F842BD /* crystal_shoesTests.xctest */;
			productType = "com.apple.product-type.bundle.unit-test";
		};
		18418AA220B5625700F842BD /* crystal_shoesUITests */ = {
			isa = PBXNativeTarget;
			buildConfigurationList = 18418AB220B5625700F842BD /* Build configuration list for PBXNativeTarget "crystal_shoesUITests" */;
			buildPhases = (
				18418A9F20B5625700F842BD /* Sources */,
				18418AA020B5625700F842BD /* Frameworks */,
				18418AA120B5625700F842BD /* Resources */,
			);
			buildRules = (
			);
			dependencies = (
				18418AA520B5625700F842BD /* PBXTargetDependency */,
			);
			name = crystal_shoesUITests;
			productName = crystal_shoesUITests;
			productReference = 18418AA320B5625700F842BD /* crystal_shoesUITests.xctest */;
			productType = "com.apple.product-type.bundle.ui-testing";
		};
/* End PBXNativeTarget section */

/* Begin PBXProject section */
		18418A7C20B5625400F842BD /* Project object */ = {
			isa = PBXProject;
			attributes = {
				LastSwiftUpdateCheck = 0930;
				LastUpgradeCheck = 0930;
				ORGANIZATIONNAME = "software_studio1_예림";
				TargetAttributes = {
					18418A8320B5625400F842BD = {
						CreatedOnToolsVersion = 9.3.1;
					};
					18418A9720B5625600F842BD = {
						CreatedOnToolsVersion = 9.3.1;
						TestTargetID = 18418A8320B5625400F842BD;
					};
					18418AA220B5625700F842BD = {
						CreatedOnToolsVersion = 9.3.1;
						TestTargetID = 18418A8320B5625400F842BD;
					};
				};
			};
			buildConfigurationList = 18418A7F20B5625400F842BD /* Build configuration list for PBXProject "crystal_shoes" */;
			compatibilityVersion = "Xcode 9.3";
			developmentRegion = en;
			hasScannedForEncodings = 0;
			knownRegions = (
				en,
				Base,
			);
			mainGroup = 18418A7B20B5625400F842BD;
			productRefGroup = 18418A8520B5625400F842BD /* Products */;
			projectDirPath = "";
			projectRoot = "";
			targets = (
				18418A8320B5625400F842BD /* crystal_shoes */,
				18418A9720B5625600F842BD /* crystal_shoesTests */,
				18418AA220B5625700F842BD /* crystal_shoesUITests */,
			);
		};
/* End PBXProject section */

/* Begin PBXResourcesBuildPhase section */
		18418A8220B5625400F842BD /* Resources */ = {
			isa = PBXResourcesBuildPhase;
			buildActionMask = 2147483647;
			files = (
				18418A9220B5625600F842BD /* LaunchScreen.storyboard in Resources */,
				18418A8F20B5625600F842BD /* Assets.xcassets in Resources */,
				18418A8D20B5625400F842BD /* Main.storyboard in Resources */,
			);
			runOnlyForDeploymentPostprocessing = 0;
		};
		18418A9620B5625600F842BD /* Resources */ = {
			isa = PBXResourcesBuildPhase;
			buildActionMask = 2147483647;
			files = (
			);
			runOnlyForDeploymentPostprocessing = 0;
		};
		18418AA120B5625700F842BD /* Resources */ = {
			isa = PBXResourcesBuildPhase;
			buildActionMask = 2147483647;
			files = (
			);
			runOnlyForDeploymentPostprocessing = 0;
		};
/* End PBXResourcesBuildPhase section */

/* Begin PBXSourcesBuildPhase section */
		18418A8020B5625400F842BD /* Sources */ = {
			isa = PBXSourcesBuildPhase;
			buildActionMask = 2147483647;
			files = (
				18418A8A20B5625400F842BD /* ViewController.swift in Sources */,
				18418A8820B5625400F842BD /* AppDelegate.swift in Sources */,
			);
			runOnlyForDeploymentPostprocessing = 0;
		};
		18418A9420B5625600F842BD /* Sources */ = {
			isa = PBXSourcesBuildPhase;
			buildActionMask = 2147483647;
			files = (
				18418A9D20B5625600F842BD /* crystal_shoesTests.swift in Sources */,
			);
			runOnlyForDeploymentPostprocessing = 0;
		};
		18418A9F20B5625700F842BD /* Sources */ = {
			isa = PBXSourcesBuildPhase;
			buildActionMask = 2147483647;
			files = (
				18418AA820B5625700F842BD /* crystal_shoesUITests.swift in Sources */,
			);
			runOnlyForDeploymentPostprocessing = 0;
		};
/* End PBXSourcesBuildPhase section */

/* Begin PBXTargetDependency section */
		18418A9A20B5625600F842BD /* PBXTargetDependency */ = {
			isa = PBXTargetDependency;
			target = 18418A8320B5625400F842BD /* crystal_shoes */;
			targetProxy = 18418A9920B5625600F842BD /* PBXContainerItemProxy */;
		};
		18418AA520B5625700F842BD /* PBXTargetDependency */ = {
			isa = PBXTargetDependency;
			target = 18418A8320B5625400F842BD /* crystal_shoes */;
			targetProxy = 18418AA420B5625700F842BD /* PBXContainerItemProxy */;
		};
/* End PBXTargetDependency section */

/* Begin PBXVariantGroup section */
		18418A8B20B5625400F842BD /* Main.storyboard */ = {
			isa = PBXVariantGroup;
			children = (
				18418A8C20B5625400F842BD /* Base */,
			);
			name = Main.storyboard;
			sourceTree = "<group>";
		};
		18418A9020B5625600F842BD /* LaunchScreen.storyboard */ = {
			isa = PBXVariantGroup;
			children = (
				18418A9120B5625600F842BD /* Base */,
			);
			name = LaunchScreen.storyboard;
			sourceTree = "<group>";
		};
/* End PBXVariantGroup section */

/* Begin XCBuildConfiguration section */
		18418AAA20B5625700F842BD /* Debug */ = {
			isa = XCBuildConfiguration;
			buildSettings = {
				ALWAYS_SEARCH_USER_PATHS = NO;
				CLANG_ANALYZER_NONNULL = YES;
				CLANG_ANALYZER_NUMBER_OBJECT_CONVERSION = YES_AGGRESSIVE;
				CLANG_CXX_LANGUAGE_STANDARD = "gnu++14";
				CLANG_CXX_LIBRARY = "libc++";
				CLANG_ENABLE_MODULES = YES;
				CLANG_ENABLE_OBJC_ARC = YES;
				CLANG_ENABLE_OBJC_WEAK = YES;
				CLANG_WARN_BLOCK_CAPTURE_AUTORELEASING = YES;
				CLANG_WARN_BOOL_CONVERSION = YES;
				CLANG_WARN_COMMA = YES;
				CLANG_WARN_CONSTANT_CONVERSION = YES;
				CLANG_WARN_DEPRECATED_OBJC_IMPLEMENTATIONS = YES;
				CLANG_WARN_DIRECT_OBJC_ISA_USAGE = YES_ERROR;
				CLANG_WARN_DOCUMENTATION_COMMENTS = YES;
				CLANG_WARN_EMPTY_BODY = YES;
				CLANG_WARN_ENUM_CONVERSION = YES;
				CLANG_WARN_INFINITE_RECURSION = YES;
				CLANG_WARN_INT_CONVERSION = YES;
				CLANG_WARN_NON_LITERAL_NULL_CONVERSION = YES;
				CLANG_WARN_OBJC_IMPLICIT_RETAIN_SELF = YES;
				CLANG_WARN_OBJC_LITERAL_CONVERSION = YES;
				CLANG_WARN_OBJC_ROOT_CLASS = YES_ERROR;
				CLANG_WARN_RANGE_LOOP_ANALYSIS = YES;
				CLANG_WARN_STRICT_PROTOTYPES = YES;
				CLANG_WARN_SUSPICIOUS_MOVE = YES;
				CLANG_WARN_UNGUARDED_AVAILABILITY = YES_AGGRESSIVE;
				CLANG_WARN_UNREACHABLE_CODE = YES;
				CLANG_WARN__DUPLICATE_METHOD_MATCH = YES;
				CODE_SIGN_IDENTITY = "iPhone Developer";
				COPY_PHASE_STRIP = NO;
				DEBUG_INFORMATION_FORMAT = dwarf;
				ENABLE_STRICT_OBJC_MSGSEND = YES;
				ENABLE_TESTABILITY = YES;
				GCC_C_LANGUAGE_STANDARD = gnu11;
				GCC_DYNAMIC_NO_PIC = NO;
				GCC_NO_COMMON_BLOCKS = YES;
				GCC_OPTIMIZATION_LEVEL = 0;
				GCC_PREPROCESSOR_DEFINITIONS = (
					"DEBUG=1",
					"$(inherited)",
				);
				GCC_WARN_64_TO_32_BIT_CONVERSION = YES;
				GCC_WARN_ABOUT_RETURN_TYPE = YES_ERROR;
				GCC_WARN_UNDECLARED_SELECTOR = YES;
				GCC_WARN_UNINITIALIZED_AUTOS = YES_AGGRESSIVE;
				GCC_WARN_UNUSED_FUNCTION = YES;
				GCC_WARN_UNUSED_VARIABLE = YES;
				IPHONEOS_DEPLOYMENT_TARGET = 11.3;
				MTL_ENABLE_DEBUG_INFO = YES;
				ONLY_ACTIVE_ARCH = YES;
				SDKROOT = iphoneos;
				SWIFT_ACTIVE_COMPILATION_CONDITIONS = DEBUG;
				SWIFT_OPTIMIZATION_LEVEL = "-Onone";
			};
			name = Debug;
		};
		18418AAB20B5625700F842BD /* Release */ = {
			isa = XCBuildConfiguration;
			buildSettings = {
				ALWAYS_SEARCH_USER_PATHS = NO;
				CLANG_ANALYZER_NONNULL = YES;
				CLANG_ANALYZER_NUMBER_OBJECT_CONVERSION = YES_AGGRESSIVE;
				CLANG_CXX_LANGUAGE_STANDARD = "gnu++14";
				CLANG_CXX_LIBRARY = "libc++";
				CLANG_ENABLE_MODULES = YES;
				CLANG_ENABLE_OBJC_ARC = YES;
				CLANG_ENABLE_OBJC_WEAK = YES;
				CLANG_WARN_BLOCK_CAPTURE_AUTORELEASING = YES;
				CLANG_WARN_BOOL_CONVERSION = YES;
				CLANG_WARN_COMMA = YES;
				CLANG_WARN_CONSTANT_CONVERSION = YES;
				CLANG_WARN_DEPRECATED_OBJC_IMPLEMENTATIONS = YES;
				CLANG_WARN_DIRECT_OBJC_ISA_USAGE = YES_ERROR;
				CLANG_WARN_DOCUMENTATION_COMMENTS = YES;
				CLANG_WARN_EMPTY_BODY = YES;
				CLANG_WARN_ENUM_CONVERSION = YES;
				CLANG_WARN_INFINITE_RECURSION = YES;
				CLANG_WARN_INT_CONVERSION = YES;
				CLANG_WARN_NON_LITERAL_NULL_CONVERSION = YES;
				CLANG_WARN_OBJC_IMPLICIT_RETAIN_SELF = YES;
				CLANG_WARN_OBJC_LITERAL_CONVERSION = YES;
				CLANG_WARN_OBJC_ROOT_CLASS = YES_ERROR;
				CLANG_WARN_RANGE_LOOP_ANALYSIS = YES;
				CLANG_WARN_STRICT_PROTOTYPES = YES;
				CLANG_WARN_SUSPICIOUS_MOVE = YES;
				CLANG_WARN_UNGUARDED_AVAILABILITY = YES_AGGRESSIVE;
				CLANG_WARN_UNREACHABLE_CODE = YES;
				CLANG_WARN__DUPLICATE_METHOD_MATCH = YES;
				CODE_SIGN_IDENTITY = "iPhone Developer";
				COPY_PHASE_STRIP = NO;
				DEBUG_INFORMATION_FORMAT = "dwarf-with-dsym";
				ENABLE_NS_ASSERTIONS = NO;
				ENABLE_STRICT_OBJC_MSGSEND = YES;
				GCC_C_LANGUAGE_STANDARD = gnu11;
				GCC_NO_COMMON_BLOCKS = YES;
				GCC_WARN_64_TO_32_BIT_CONVERSION = YES;
				GCC_WARN_ABOUT_RETURN_TYPE = YES_ERROR;
				GCC_WARN_UNDECLARED_SELECTOR = YES;
				GCC_WARN_UNINITIALIZED_AUTOS = YES_AGGRESSIVE;
				GCC_WARN_UNUSED_FUNCTION = YES;
				GCC_WARN_UNUSED_VARIABLE = YES;
				IPHONEOS_DEPLOYMENT_TARGET = 11.3;
				MTL_ENABLE_DEBUG_INFO = NO;
				SDKROOT = iphoneos;
				SWIFT_COMPILATION_MODE = wholemodule;
				SWIFT_OPTIMIZATION_LEVEL = "-O";
				VALIDATE_PRODUCT = YES;
			};
			name = Release;
		};
		18418AAD20B5625700F842BD /* Debug */ = {
			isa = XCBuildConfiguration;
			buildSettings = {
				ASSETCATALOG_COMPILER_APPICON_NAME = AppIcon;
				CODE_SIGN_STYLE = Automatic;
				FRAMEWORK_SEARCH_PATHS = (
					"$(inherited)",
					"$(PROJECT_DIR)/Frameworks",
				);
				INFOPLIST_FILE = crystal_shoes/Info.plist;
				LD_RUNPATH_SEARCH_PATHS = (
					"$(inherited)",
					"@executable_path/Frameworks",
				);
				OTHER_LDFLAGS = "-all_load";
				PRODUCT_BUNDLE_IDENTIFIER = "yerim.crystal-shoes";
				PRODUCT_NAME = "$(TARGET_NAME)";
				SWIFT_OBJC_BRIDGING_HEADER = crystal_shoes/Bridging_Header.h;
				SWIFT_VERSION = 4.0;
				TARGETED_DEVICE_FAMILY = "1,2";
			};
			name = Debug;
		};
		18418AAE20B5625700F842BD /* Release */ = {
			isa = XCBuildConfiguration;
			buildSettings = {
				ASSETCATALOG_COMPILER_APPICON_NAME = AppIcon;
				CODE_SIGN_STYLE = Automatic;
				FRAMEWORK_SEARCH_PATHS = (
					"$(inherited)",
					"$(PROJECT_DIR)/Frameworks",
				);
				INFOPLIST_FILE = crystal_shoes/Info.plist;
				LD_RUNPATH_SEARCH_PATHS = (
					"$(inherited)",
					"@executable_path/Frameworks",
				);
				OTHER_LDFLAGS = "-all_load";
				PRODUCT_BUNDLE_IDENTIFIER = "yerim.crystal-shoes";
				PRODUCT_NAME = "$(TARGET_NAME)";
				SWIFT_OBJC_BRIDGING_HEADER = crystal_shoes/Bridging_Header.h;
				SWIFT_VERSION = 4.0;
				TARGETED_DEVICE_FAMILY = "1,2";
			};
			name = Release;
		};
		18418AB020B5625700F842BD /* Debug */ = {
			isa = XCBuildConfiguration;
			buildSettings = {
				ALWAYS_EMBED_SWIFT_STANDARD_LIBRARIES = YES;
				BUNDLE_LOADER = "$(TEST_HOST)";
				CODE_SIGN_STYLE = Automatic;
				INFOPLIST_FILE = crystal_shoesTests/Info.plist;
				LD_RUNPATH_SEARCH_PATHS = (
					"$(inherited)",
					"@executable_path/Frameworks",
					"@loader_path/Frameworks",
				);
				PRODUCT_BUNDLE_IDENTIFIER = "yerim.crystal-shoesTests";
				PRODUCT_NAME = "$(TARGET_NAME)";
				SWIFT_VERSION = 4.0;
				TARGETED_DEVICE_FAMILY = "1,2";
				TEST_HOST = "$(BUILT_PRODUCTS_DIR)/crystal_shoes.app/crystal_shoes";
			};
			name = Debug;
		};
		18418AB120B5625700F842BD /* Release */ = {
			isa = XCBuildConfiguration;
			buildSettings = {
				ALWAYS_EMBED_SWIFT_STANDARD_LIBRARIES = YES;
				BUNDLE_LOADER = "$(TEST_HOST)";
				CODE_SIGN_STYLE = Automatic;
				INFOPLIST_FILE = crystal_shoesTests/Info.plist;
				LD_RUNPATH_SEARCH_PATHS = (
					"$(inherited)",
					"@executable_path/Frameworks",
					"@loader_path/Frameworks",
				);
				PRODUCT_BUNDLE_IDENTIFIER = "yerim.crystal-shoesTests";
				PRODUCT_NAME = "$(TARGET_NAME)";
				SWIFT_VERSION = 4.0;
				TARGETED_DEVICE_FAMILY = "1,2";
				TEST_HOST = "$(BUILT_PRODUCTS_DIR)/crystal_shoes.app/crystal_shoes";
			};
			name = Release;
		};
		18418AB320B5625700F842BD /* Debug */ = {
			isa = XCBuildConfiguration;
			buildSettings = {
				ALWAYS_EMBED_SWIFT_STANDARD_LIBRARIES = YES;
				CODE_SIGN_STYLE = Automatic;
				INFOPLIST_FILE = crystal_shoesUITests/Info.plist;
				LD_RUNPATH_SEARCH_PATHS = (
					"$(inherited)",
					"@executable_path/Frameworks",
					"@loader_path/Frameworks",
				);
				PRODUCT_BUNDLE_IDENTIFIER = "yerim.crystal-shoesUITests";
				PRODUCT_NAME = "$(TARGET_NAME)";
				SWIFT_VERSION = 4.0;
				TARGETED_DEVICE_FAMILY = "1,2";
				TEST_TARGET_NAME = crystal_shoes;
			};
			name = Debug;
		};
		18418AB420B5625700F842BD /* Release */ = {
			isa = XCBuildConfiguration;
			buildSettings = {
				ALWAYS_EMBED_SWIFT_STANDARD_LIBRARIES = YES;
				CODE_SIGN_STYLE = Automatic;
				INFOPLIST_FILE = crystal_shoesUITests/Info.plist;
				LD_RUNPATH_SEARCH_PATHS = (
					"$(inherited)",
					"@executable_path/Frameworks",
					"@loader_path/Frameworks",
				);
				PRODUCT_BUNDLE_IDENTIFIER = "yerim.crystal-shoesUITests";
				PRODUCT_NAME = "$(TARGET_NAME)";
				SWIFT_VERSION = 4.0;
				TARGETED_DEVICE_FAMILY = "1,2";
				TEST_TARGET_NAME = crystal_shoes;
			};
			name = Release;
		};
/* End XCBuildConfiguration section */

/* Begin XCConfigurationList section */
		18418A7F20B5625400F842BD /* Build configuration list for PBXProject "crystal_shoes" */ = {
			isa = XCConfigurationList;
			buildConfigurations = (
				18418AAA20B5625700F842BD /* Debug */,
				18418AAB20B5625700F842BD /* Release */,
			);
			defaultConfigurationIsVisible = 0;
			defaultConfigurationName = Release;
		};
		18418AAC20B5625700F842BD /* Build configuration list for PBXNativeTarget "crystal_shoes" */ = {
			isa = XCConfigurationList;
			buildConfigurations = (
				18418AAD20B5625700F842BD /* Debug */,
				18418AAE20B5625700F842BD /* Release */,
			);
			defaultConfigurationIsVisible = 0;
			defaultConfigurationName = Release;
		};
		18418AAF20B5625700F842BD /* Build configuration list for PBXNativeTarget "crystal_shoesTests" */ = {
			isa = XCConfigurationList;
			buildConfigurations = (
				18418AB020B5625700F842BD /* Debug */,
				18418AB120B5625700F842BD /* Release */,
			);
			defaultConfigurationIsVisible = 0;
			defaultConfigurationName = Release;
		};
		18418AB220B5625700F842BD /* Build configuration list for PBXNativeTarget "crystal_shoesUITests" */ = {
			isa = XCConfigurationList;
			buildConfigurations = (
				18418AB320B5625700F842BD /* Debug */,
				18418AB420B5625700F842BD /* Release */,
			);
			defaultConfigurationIsVisible = 0;
			defaultConfigurationName = Release;
		};
/* End XCConfigurationList section */
	};
	rootObject = 18418A7C20B5625400F842BD /* Project object */;
}
